// !$*UTF8*$!
{
	archiveVersion = 1;
	classes = {
	};
	objectVersion = 46;
	objects = {

/* Begin PBXBuildFile section */
		4055FE361BFFBB6800A7D8FB /* gsnet.h in Headers */ = {isa = PBXBuildFile; fileRef = 4055FE351BFFBB6800A7D8FB /* gsnet.h */; settings = {ATTRIBUTES = (Public, ); }; };
		4055FE3D1BFFBB6800A7D8FB /* gsnet.framework in Frameworks */ = {isa = PBXBuildFile; fileRef = 4055FE321BFFBB6800A7D8FB /* gsnet.framework */; };
		4055FE421BFFBB6800A7D8FB /* gsnetTests.swift in Sources */ = {isa = PBXBuildFile; fileRef = 4055FE411BFFBB6800A7D8FB /* gsnetTests.swift */; };
		4055FE511BFFBC4300A7D8FB /* Aliases.swift in Sources */ = {isa = PBXBuildFile; fileRef = 4055FE501BFFBC4300A7D8FB /* Aliases.swift */; };
		4055FE571BFFBC5100A7D8FB /* List.swift in Sources */ = {isa = PBXBuildFile; fileRef = 4055FE521BFFBC5100A7D8FB /* List.swift */; };
		4055FE581BFFBC5100A7D8FB /* ListSequenceGenerator.swift in Sources */ = {isa = PBXBuildFile; fileRef = 4055FE531BFFBC5100A7D8FB /* ListSequenceGenerator.swift */; };
		4055FE591BFFBC5100A7D8FB /* Queue.swift in Sources */ = {isa = PBXBuildFile; fileRef = 4055FE541BFFBC5100A7D8FB /* Queue.swift */; };
		4055FE5A1BFFBC5100A7D8FB /* ReadOnlyList.swift in Sources */ = {isa = PBXBuildFile; fileRef = 4055FE551BFFBC5100A7D8FB /* ReadOnlyList.swift */; };
		4055FE5B1BFFBC5100A7D8FB /* Stack.swift in Sources */ = {isa = PBXBuildFile; fileRef = 4055FE561BFFBC5100A7D8FB /* Stack.swift */; };
		4055FE661BFFBC6600A7D8FB /* byte_e.swift in Sources */ = {isa = PBXBuildFile; fileRef = 4055FE5C1BFFBC6600A7D8FB /* byte_e.swift */; };
		4055FE671BFFBC6600A7D8FB /* float_e.swift in Sources */ = {isa = PBXBuildFile; fileRef = 4055FE5D1BFFBC6600A7D8FB /* float_e.swift */; };
		4055FE681BFFBC6600A7D8FB /* int_e.swift in Sources */ = {isa = PBXBuildFile; fileRef = 4055FE5E1BFFBC6600A7D8FB /* int_e.swift */; };
		4055FE691BFFBC6600A7D8FB /* List_e.swift in Sources */ = {isa = PBXBuildFile; fileRef = 4055FE5F1BFFBC6600A7D8FB /* List_e.swift */; };
		4055FE6A1BFFBC6600A7D8FB /* long_e.swift in Sources */ = {isa = PBXBuildFile; fileRef = 4055FE601BFFBC6600A7D8FB /* long_e.swift */; };
		4055FE6B1BFFBC6600A7D8FB /* sbyte_e.swift in Sources */ = {isa = PBXBuildFile; fileRef = 4055FE611BFFBC6600A7D8FB /* sbyte_e.swift */; };
		4055FE6C1BFFBC6600A7D8FB /* short_e.swift in Sources */ = {isa = PBXBuildFile; fileRef = 4055FE621BFFBC6600A7D8FB /* short_e.swift */; };
		4055FE6D1BFFBC6600A7D8FB /* String_e.swift in Sources */ = {isa = PBXBuildFile; fileRef = 4055FE631BFFBC6600A7D8FB /* String_e.swift */; };
		4055FE6E1BFFBC6600A7D8FB /* ulong_e.swift in Sources */ = {isa = PBXBuildFile; fileRef = 4055FE641BFFBC6600A7D8FB /* ulong_e.swift */; };
		4055FE6F1BFFBC6600A7D8FB /* ushort_e.swift in Sources */ = {isa = PBXBuildFile; fileRef = 4055FE651BFFBC6600A7D8FB /* ushort_e.swift */; };
		4055FE711BFFBC7500A7D8FB /* ValueType.swift in Sources */ = {isa = PBXBuildFile; fileRef = 4055FE701BFFBC7500A7D8FB /* ValueType.swift */; };
		4055FE741BFFBCCD00A7D8FB /* ListTests.swift in Sources */ = {isa = PBXBuildFile; fileRef = 4055FE731BFFBCCD00A7D8FB /* ListTests.swift */; };
		4055FE7A1BFFC75F00A7D8FB /* RandomTests.swift in Sources */ = {isa = PBXBuildFile; fileRef = 4055FE791BFFC75F00A7D8FB /* RandomTests.swift */; };
		4055FE7C1BFFCB7F00A7D8FB /* Random.swift in Sources */ = {isa = PBXBuildFile; fileRef = 4055FE7B1BFFCB7F00A7D8FB /* Random.swift */; };
		4055FE801BFFDABE00A7D8FB /* Math.swift in Sources */ = {isa = PBXBuildFile; fileRef = 4055FE7F1BFFDABE00A7D8FB /* Math.swift */; };
		4055FE851BFFDB8C00A7D8FB /* DateTime.swift in Sources */ = {isa = PBXBuildFile; fileRef = 4055FE841BFFDB8C00A7D8FB /* DateTime.swift */; };
		4055FE871BFFDD4300A7D8FB /* TimeSpan.swift in Sources */ = {isa = PBXBuildFile; fileRef = 4055FE861BFFDD4300A7D8FB /* TimeSpan.swift */; };
		4055FE891BFFDDAC00A7D8FB /* DayOfWeeks.swift in Sources */ = {isa = PBXBuildFile; fileRef = 4055FE881BFFDDAC00A7D8FB /* DayOfWeeks.swift */; };
		4055FE8B1BFFDE0D00A7D8FB /* DateTimeFormat.swift in Sources */ = {isa = PBXBuildFile; fileRef = 4055FE8A1BFFDE0D00A7D8FB /* DateTimeFormat.swift */; };
		4055FE8E1BFFE40700A7D8FB /* TimeSpanTests.swift in Sources */ = {isa = PBXBuildFile; fileRef = 4055FE8D1BFFE40700A7D8FB /* TimeSpanTests.swift */; };
/* End PBXBuildFile section */

/* Begin PBXContainerItemProxy section */
		4055FE3E1BFFBB6800A7D8FB /* PBXContainerItemProxy */ = {
			isa = PBXContainerItemProxy;
			containerPortal = 4055FE291BFFBB6800A7D8FB /* Project object */;
			proxyType = 1;
			remoteGlobalIDString = 4055FE311BFFBB6800A7D8FB;
			remoteInfo = gsnet;
		};
/* End PBXContainerItemProxy section */

/* Begin PBXFileReference section */
		4055FE321BFFBB6800A7D8FB /* gsnet.framework */ = {isa = PBXFileReference; explicitFileType = wrapper.framework; includeInIndex = 0; path = gsnet.framework; sourceTree = BUILT_PRODUCTS_DIR; };
		4055FE351BFFBB6800A7D8FB /* gsnet.h */ = {isa = PBXFileReference; lastKnownFileType = sourcecode.c.h; path = gsnet.h; sourceTree = "<group>"; };
		4055FE371BFFBB6800A7D8FB /* Info.plist */ = {isa = PBXFileReference; lastKnownFileType = text.plist.xml; path = Info.plist; sourceTree = "<group>"; };
		4055FE3C1BFFBB6800A7D8FB /* gsnetTests.xctest */ = {isa = PBXFileReference; explicitFileType = wrapper.cfbundle; includeInIndex = 0; path = gsnetTests.xctest; sourceTree = BUILT_PRODUCTS_DIR; };
		4055FE411BFFBB6800A7D8FB /* gsnetTests.swift */ = {isa = PBXFileReference; lastKnownFileType = sourcecode.swift; path = gsnetTests.swift; sourceTree = "<group>"; };
		4055FE431BFFBB6800A7D8FB /* Info.plist */ = {isa = PBXFileReference; lastKnownFileType = text.plist.xml; path = Info.plist; sourceTree = "<group>"; };
		4055FE501BFFBC4300A7D8FB /* Aliases.swift */ = {isa = PBXFileReference; fileEncoding = 4; lastKnownFileType = sourcecode.swift; name = Aliases.swift; path = gsnet/aliases/Aliases.swift; sourceTree = "<group>"; };
		4055FE521BFFBC5100A7D8FB /* List.swift */ = {isa = PBXFileReference; fileEncoding = 4; lastKnownFileType = sourcecode.swift; name = List.swift; path = gsnet/collections/List.swift; sourceTree = "<group>"; };
		4055FE531BFFBC5100A7D8FB /* ListSequenceGenerator.swift */ = {isa = PBXFileReference; fileEncoding = 4; lastKnownFileType = sourcecode.swift; name = ListSequenceGenerator.swift; path = gsnet/collections/ListSequenceGenerator.swift; sourceTree = "<group>"; };
		4055FE541BFFBC5100A7D8FB /* Queue.swift */ = {isa = PBXFileReference; fileEncoding = 4; lastKnownFileType = sourcecode.swift; name = Queue.swift; path = gsnet/collections/Queue.swift; sourceTree = "<group>"; };
		4055FE551BFFBC5100A7D8FB /* ReadOnlyList.swift */ = {isa = PBXFileReference; fileEncoding = 4; lastKnownFileType = sourcecode.swift; name = ReadOnlyList.swift; path = gsnet/collections/ReadOnlyList.swift; sourceTree = "<group>"; };
		4055FE561BFFBC5100A7D8FB /* Stack.swift */ = {isa = PBXFileReference; fileEncoding = 4; lastKnownFileType = sourcecode.swift; name = Stack.swift; path = gsnet/collections/Stack.swift; sourceTree = "<group>"; };
		4055FE5C1BFFBC6600A7D8FB /* byte_e.swift */ = {isa = PBXFileReference; fileEncoding = 4; lastKnownFileType = sourcecode.swift; name = byte_e.swift; path = gsnet/extensions/byte_e.swift; sourceTree = "<group>"; };
		4055FE5D1BFFBC6600A7D8FB /* float_e.swift */ = {isa = PBXFileReference; fileEncoding = 4; lastKnownFileType = sourcecode.swift; name = float_e.swift; path = gsnet/extensions/float_e.swift; sourceTree = "<group>"; };
		4055FE5E1BFFBC6600A7D8FB /* int_e.swift */ = {isa = PBXFileReference; fileEncoding = 4; lastKnownFileType = sourcecode.swift; name = int_e.swift; path = gsnet/extensions/int_e.swift; sourceTree = "<group>"; };
		4055FE5F1BFFBC6600A7D8FB /* List_e.swift */ = {isa = PBXFileReference; fileEncoding = 4; lastKnownFileType = sourcecode.swift; name = List_e.swift; path = gsnet/extensions/List_e.swift; sourceTree = "<group>"; };
		4055FE601BFFBC6600A7D8FB /* long_e.swift */ = {isa = PBXFileReference; fileEncoding = 4; lastKnownFileType = sourcecode.swift; name = long_e.swift; path = gsnet/extensions/long_e.swift; sourceTree = "<group>"; };
		4055FE611BFFBC6600A7D8FB /* sbyte_e.swift */ = {isa = PBXFileReference; fileEncoding = 4; lastKnownFileType = sourcecode.swift; name = sbyte_e.swift; path = gsnet/extensions/sbyte_e.swift; sourceTree = "<group>"; };
		4055FE621BFFBC6600A7D8FB /* short_e.swift */ = {isa = PBXFileReference; fileEncoding = 4; lastKnownFileType = sourcecode.swift; name = short_e.swift; path = gsnet/extensions/short_e.swift; sourceTree = "<group>"; };
		4055FE631BFFBC6600A7D8FB /* String_e.swift */ = {isa = PBXFileReference; fileEncoding = 4; lastKnownFileType = sourcecode.swift; name = String_e.swift; path = gsnet/extensions/String_e.swift; sourceTree = "<group>"; };
		4055FE641BFFBC6600A7D8FB /* ulong_e.swift */ = {isa = PBXFileReference; fileEncoding = 4; lastKnownFileType = sourcecode.swift; name = ulong_e.swift; path = gsnet/extensions/ulong_e.swift; sourceTree = "<group>"; };
		4055FE651BFFBC6600A7D8FB /* ushort_e.swift */ = {isa = PBXFileReference; fileEncoding = 4; lastKnownFileType = sourcecode.swift; name = ushort_e.swift; path = gsnet/extensions/ushort_e.swift; sourceTree = "<group>"; };
		4055FE701BFFBC7500A7D8FB /* ValueType.swift */ = {isa = PBXFileReference; fileEncoding = 4; lastKnownFileType = sourcecode.swift; name = ValueType.swift; path = gsnet/protocols/ValueType.swift; sourceTree = "<group>"; };
		4055FE731BFFBCCD00A7D8FB /* ListTests.swift */ = {isa = PBXFileReference; fileEncoding = 4; lastKnownFileType = sourcecode.swift; name = ListTests.swift; path = collections/ListTests.swift; sourceTree = "<group>"; };
		4055FE791BFFC75F00A7D8FB /* RandomTests.swift */ = {isa = PBXFileReference; fileEncoding = 4; lastKnownFileType = sourcecode.swift; name = RandomTests.swift; path = numerics/RandomTests.swift; sourceTree = "<group>"; };
		4055FE7B1BFFCB7F00A7D8FB /* Random.swift */ = {isa = PBXFileReference; fileEncoding = 4; lastKnownFileType = sourcecode.swift; name = Random.swift; path = gsnet/numerics/Random.swift; sourceTree = "<group>"; };
		4055FE7F1BFFDABE00A7D8FB /* Math.swift */ = {isa = PBXFileReference; fileEncoding = 4; lastKnownFileType = sourcecode.swift; name = Math.swift; path = gsnet/numerics/Math.swift; sourceTree = "<group>"; };
		4055FE841BFFDB8C00A7D8FB /* DateTime.swift */ = {isa = PBXFileReference; fileEncoding = 4; lastKnownFileType = sourcecode.swift; name = DateTime.swift; path = gsnet/date/DateTime.swift; sourceTree = "<group>"; };
		4055FE861BFFDD4300A7D8FB /* TimeSpan.swift */ = {isa = PBXFileReference; fileEncoding = 4; lastKnownFileType = sourcecode.swift; name = TimeSpan.swift; path = gsnet/date/TimeSpan.swift; sourceTree = "<group>"; };
		4055FE881BFFDDAC00A7D8FB /* DayOfWeeks.swift */ = {isa = PBXFileReference; fileEncoding = 4; lastKnownFileType = sourcecode.swift; name = DayOfWeeks.swift; path = gsnet/date/DayOfWeeks.swift; sourceTree = "<group>"; };
		4055FE8A1BFFDE0D00A7D8FB /* DateTimeFormat.swift */ = {isa = PBXFileReference; fileEncoding = 4; lastKnownFileType = sourcecode.swift; name = DateTimeFormat.swift; path = gsnet/date/DateTimeFormat.swift; sourceTree = "<group>"; };
		4055FE8D1BFFE40700A7D8FB /* TimeSpanTests.swift */ = {isa = PBXFileReference; fileEncoding = 4; lastKnownFileType = sourcecode.swift; name = TimeSpanTests.swift; path = date/TimeSpanTests.swift; sourceTree = "<group>"; };
/* End PBXFileReference section */

/* Begin PBXFrameworksBuildPhase section */
		4055FE2E1BFFBB6800A7D8FB /* Frameworks */ = {
			isa = PBXFrameworksBuildPhase;
			buildActionMask = 2147483647;
			files = (
			);
			runOnlyForDeploymentPostprocessing = 0;
		};
		4055FE391BFFBB6800A7D8FB /* Frameworks */ = {
			isa = PBXFrameworksBuildPhase;
			buildActionMask = 2147483647;
			files = (
				4055FE3D1BFFBB6800A7D8FB /* gsnet.framework in Frameworks */,
			);
			runOnlyForDeploymentPostprocessing = 0;
		};
/* End PBXFrameworksBuildPhase section */

/* Begin PBXGroup section */
		4055FE281BFFBB6800A7D8FB = {
			isa = PBXGroup;
			children = (
				4055FE831BFFDB3D00A7D8FB /* date */,
				4055FE751BFFC6DD00A7D8FB /* numerics */,
				4055FE4F1BFFBC3600A7D8FB /* protocols */,
				4055FE4E1BFFBC2500A7D8FB /* extensions */,
				4055FE4D1BFFBC1D00A7D8FB /* collections */,
				4055FE4C1BFFBC1000A7D8FB /* aliases */,
				4055FE341BFFBB6800A7D8FB /* gsnet */,
				4055FE401BFFBB6800A7D8FB /* gsnetTests */,
				4055FE331BFFBB6800A7D8FB /* Products */,
			);
			sourceTree = "<group>";
		};
		4055FE331BFFBB6800A7D8FB /* Products */ = {
			isa = PBXGroup;
			children = (
				4055FE321BFFBB6800A7D8FB /* gsnet.framework */,
				4055FE3C1BFFBB6800A7D8FB /* gsnetTests.xctest */,
			);
			name = Products;
			sourceTree = "<group>";
		};
		4055FE341BFFBB6800A7D8FB /* gsnet */ = {
			isa = PBXGroup;
			children = (
				4055FE351BFFBB6800A7D8FB /* gsnet.h */,
				4055FE371BFFBB6800A7D8FB /* Info.plist */,
			);
			path = gsnet;
			sourceTree = "<group>";
		};
		4055FE401BFFBB6800A7D8FB /* gsnetTests */ = {
			isa = PBXGroup;
			children = (
				4055FE8C1BFFE3DE00A7D8FB /* date */,
				4055FE781BFFC73400A7D8FB /* numerics */,
				4055FE721BFFBC7D00A7D8FB /* collections */,
				4055FE411BFFBB6800A7D8FB /* gsnetTests.swift */,
				4055FE431BFFBB6800A7D8FB /* Info.plist */,
			);
			path = gsnetTests;
			sourceTree = "<group>";
		};
		4055FE4C1BFFBC1000A7D8FB /* aliases */ = {
			isa = PBXGroup;
			children = (
				4055FE501BFFBC4300A7D8FB /* Aliases.swift */,
			);
			name = aliases;
			sourceTree = "<group>";
		};
		4055FE4D1BFFBC1D00A7D8FB /* collections */ = {
			isa = PBXGroup;
			children = (
				4055FE521BFFBC5100A7D8FB /* List.swift */,
				4055FE531BFFBC5100A7D8FB /* ListSequenceGenerator.swift */,
				4055FE541BFFBC5100A7D8FB /* Queue.swift */,
				4055FE551BFFBC5100A7D8FB /* ReadOnlyList.swift */,
				4055FE561BFFBC5100A7D8FB /* Stack.swift */,
			);
			name = collections;
			sourceTree = "<group>";
		};
		4055FE4E1BFFBC2500A7D8FB /* extensions */ = {
			isa = PBXGroup;
			children = (
				4055FE5C1BFFBC6600A7D8FB /* byte_e.swift */,
				4055FE5D1BFFBC6600A7D8FB /* float_e.swift */,
				4055FE5E1BFFBC6600A7D8FB /* int_e.swift */,
				4055FE5F1BFFBC6600A7D8FB /* List_e.swift */,
				4055FE601BFFBC6600A7D8FB /* long_e.swift */,
				4055FE611BFFBC6600A7D8FB /* sbyte_e.swift */,
				4055FE621BFFBC6600A7D8FB /* short_e.swift */,
				4055FE631BFFBC6600A7D8FB /* String_e.swift */,
				4055FE641BFFBC6600A7D8FB /* ulong_e.swift */,
				4055FE651BFFBC6600A7D8FB /* ushort_e.swift */,
			);
			name = extensions;
			sourceTree = "<group>";
		};
		4055FE4F1BFFBC3600A7D8FB /* protocols */ = {
			isa = PBXGroup;
			children = (
				4055FE701BFFBC7500A7D8FB /* ValueType.swift */,
			);
			name = protocols;
			sourceTree = "<group>";
		};
		4055FE721BFFBC7D00A7D8FB /* collections */ = {
			isa = PBXGroup;
			children = (
				4055FE731BFFBCCD00A7D8FB /* ListTests.swift */,
			);
			name = collections;
			sourceTree = "<group>";
		};
		4055FE751BFFC6DD00A7D8FB /* numerics */ = {
			isa = PBXGroup;
			children = (
				4055FE7B1BFFCB7F00A7D8FB /* Random.swift */,
				4055FE7F1BFFDABE00A7D8FB /* Math.swift */,
			);
			name = numerics;
			sourceTree = "<group>";
		};
		4055FE781BFFC73400A7D8FB /* numerics */ = {
			isa = PBXGroup;
			children = (
				4055FE791BFFC75F00A7D8FB /* RandomTests.swift */,
			);
			name = numerics;
			sourceTree = "<group>";
		};
		4055FE831BFFDB3D00A7D8FB /* date */ = {
			isa = PBXGroup;
			children = (
				4055FE841BFFDB8C00A7D8FB /* DateTime.swift */,
				4055FE861BFFDD4300A7D8FB /* TimeSpan.swift */,
				4055FE881BFFDDAC00A7D8FB /* DayOfWeeks.swift */,
				4055FE8A1BFFDE0D00A7D8FB /* DateTimeFormat.swift */,
			);
			name = date;
			sourceTree = "<group>";
		};
		4055FE8C1BFFE3DE00A7D8FB /* date */ = {
			isa = PBXGroup;
			children = (
				4055FE8D1BFFE40700A7D8FB /* TimeSpanTests.swift */,
			);
			name = date;
			sourceTree = "<group>";
		};
/* End PBXGroup section */

/* Begin PBXHeadersBuildPhase section */
		4055FE2F1BFFBB6800A7D8FB /* Headers */ = {
			isa = PBXHeadersBuildPhase;
			buildActionMask = 2147483647;
			files = (
				4055FE361BFFBB6800A7D8FB /* gsnet.h in Headers */,
			);
			runOnlyForDeploymentPostprocessing = 0;
		};
/* End PBXHeadersBuildPhase section */

/* Begin PBXNativeTarget section */
		4055FE311BFFBB6800A7D8FB /* gsnet */ = {
			isa = PBXNativeTarget;
			buildConfigurationList = 4055FE461BFFBB6800A7D8FB /* Build configuration list for PBXNativeTarget "gsnet" */;
			buildPhases = (
				4055FE2D1BFFBB6800A7D8FB /* Sources */,
				4055FE2E1BFFBB6800A7D8FB /* Frameworks */,
				4055FE2F1BFFBB6800A7D8FB /* Headers */,
				4055FE301BFFBB6800A7D8FB /* Resources */,
			);
			buildRules = (
			);
			dependencies = (
			);
			name = gsnet;
			productName = gsnet;
			productReference = 4055FE321BFFBB6800A7D8FB /* gsnet.framework */;
			productType = "com.apple.product-type.framework";
		};
		4055FE3B1BFFBB6800A7D8FB /* gsnetTests */ = {
			isa = PBXNativeTarget;
			buildConfigurationList = 4055FE491BFFBB6800A7D8FB /* Build configuration list for PBXNativeTarget "gsnetTests" */;
			buildPhases = (
				4055FE381BFFBB6800A7D8FB /* Sources */,
				4055FE391BFFBB6800A7D8FB /* Frameworks */,
				4055FE3A1BFFBB6800A7D8FB /* Resources */,
			);
			buildRules = (
			);
			dependencies = (
				4055FE3F1BFFBB6800A7D8FB /* PBXTargetDependency */,
			);
			name = gsnetTests;
			productName = gsnetTests;
			productReference = 4055FE3C1BFFBB6800A7D8FB /* gsnetTests.xctest */;
			productType = "com.apple.product-type.bundle.unit-test";
		};
/* End PBXNativeTarget section */

/* Begin PBXProject section */
		4055FE291BFFBB6800A7D8FB /* Project object */ = {
			isa = PBXProject;
			attributes = {
				LastSwiftUpdateCheck = 0710;
				LastUpgradeCheck = 0710;
				ORGANIZATIONNAME = "Gabor Soulavy";
				TargetAttributes = {
					4055FE311BFFBB6800A7D8FB = {
						CreatedOnToolsVersion = 7.1.1;
					};
					4055FE3B1BFFBB6800A7D8FB = {
						CreatedOnToolsVersion = 7.1.1;
					};
				};
			};
			buildConfigurationList = 4055FE2C1BFFBB6800A7D8FB /* Build configuration list for PBXProject "gsnet" */;
			compatibilityVersion = "Xcode 3.2";
			developmentRegion = English;
			hasScannedForEncodings = 0;
			knownRegions = (
				en,
			);
			mainGroup = 4055FE281BFFBB6800A7D8FB;
			productRefGroup = 4055FE331BFFBB6800A7D8FB /* Products */;
			projectDirPath = "";
			projectRoot = "";
			targets = (
				4055FE311BFFBB6800A7D8FB /* gsnet */,
				4055FE3B1BFFBB6800A7D8FB /* gsnetTests */,
			);
		};
/* End PBXProject section */

/* Begin PBXResourcesBuildPhase section */
		4055FE301BFFBB6800A7D8FB /* Resources */ = {
			isa = PBXResourcesBuildPhase;
			buildActionMask = 2147483647;
			files = (
			);
			runOnlyForDeploymentPostprocessing = 0;
		};
		4055FE3A1BFFBB6800A7D8FB /* Resources */ = {
			isa = PBXResourcesBuildPhase;
			buildActionMask = 2147483647;
			files = (
			);
			runOnlyForDeploymentPostprocessing = 0;
		};
/* End PBXResourcesBuildPhase section */

/* Begin PBXSourcesBuildPhase section */
		4055FE2D1BFFBB6800A7D8FB /* Sources */ = {
			isa = PBXSourcesBuildPhase;
			buildActionMask = 2147483647;
			files = (
				4055FE6C1BFFBC6600A7D8FB /* short_e.swift in Sources */,
				4055FE6E1BFFBC6600A7D8FB /* ulong_e.swift in Sources */,
				4055FE6F1BFFBC6600A7D8FB /* ushort_e.swift in Sources */,
				4055FE6A1BFFBC6600A7D8FB /* long_e.swift in Sources */,
				4055FE511BFFBC4300A7D8FB /* Aliases.swift in Sources */,
				4055FE571BFFBC5100A7D8FB /* List.swift in Sources */,
				4055FE871BFFDD4300A7D8FB /* TimeSpan.swift in Sources */,
				4055FE6B1BFFBC6600A7D8FB /* sbyte_e.swift in Sources */,
				4055FE671BFFBC6600A7D8FB /* float_e.swift in Sources */,
				4055FE7C1BFFCB7F00A7D8FB /* Random.swift in Sources */,
				4055FE581BFFBC5100A7D8FB /* ListSequenceGenerator.swift in Sources */,
				4055FE591BFFBC5100A7D8FB /* Queue.swift in Sources */,
				4055FE711BFFBC7500A7D8FB /* ValueType.swift in Sources */,
				4055FE661BFFBC6600A7D8FB /* byte_e.swift in Sources */,
				4055FE5B1BFFBC5100A7D8FB /* Stack.swift in Sources */,
				4055FE801BFFDABE00A7D8FB /* Math.swift in Sources */,
				4055FE5A1BFFBC5100A7D8FB /* ReadOnlyList.swift in Sources */,
				4055FE681BFFBC6600A7D8FB /* int_e.swift in Sources */,
				4055FE6D1BFFBC6600A7D8FB /* String_e.swift in Sources */,
				4055FE891BFFDDAC00A7D8FB /* DayOfWeeks.swift in Sources */,
				4055FE8B1BFFDE0D00A7D8FB /* DateTimeFormat.swift in Sources */,
				4055FE851BFFDB8C00A7D8FB /* DateTime.swift in Sources */,
				4055FE691BFFBC6600A7D8FB /* List_e.swift in Sources */,
			);
			runOnlyForDeploymentPostprocessing = 0;
		};
		4055FE381BFFBB6800A7D8FB /* Sources */ = {
			isa = PBXSourcesBuildPhase;
			buildActionMask = 2147483647;
			files = (
				4055FE7A1BFFC75F00A7D8FB /* RandomTests.swift in Sources */,
				4055FE421BFFBB6800A7D8FB /* gsnetTests.swift in Sources */,
				4055FE8E1BFFE40700A7D8FB /* TimeSpanTests.swift in Sources */,
				4055FE741BFFBCCD00A7D8FB /* ListTests.swift in Sources */,
			);
			runOnlyForDeploymentPostprocessing = 0;
		};
/* End PBXSourcesBuildPhase section */

/* Begin PBXTargetDependency section */
		4055FE3F1BFFBB6800A7D8FB /* PBXTargetDependency */ = {
			isa = PBXTargetDependency;
			target = 4055FE311BFFBB6800A7D8FB /* gsnet */;
			targetProxy = 4055FE3E1BFFBB6800A7D8FB /* PBXContainerItemProxy */;
		};
/* End PBXTargetDependency section */

/* Begin XCBuildConfiguration section */
		4055FE441BFFBB6800A7D8FB /* Debug */ = {
			isa = XCBuildConfiguration;
			buildSettings = {
				ALWAYS_SEARCH_USER_PATHS = NO;
				CLANG_CXX_LANGUAGE_STANDARD = "gnu++0x";
				CLANG_CXX_LIBRARY = "libc++";
				CLANG_ENABLE_MODULES = YES;
				CLANG_ENABLE_OBJC_ARC = YES;
				CLANG_WARN_BOOL_CONVERSION = YES;
				CLANG_WARN_CONSTANT_CONVERSION = YES;
				CLANG_WARN_DIRECT_OBJC_ISA_USAGE = YES_ERROR;
				CLANG_WARN_EMPTY_BODY = YES;
				CLANG_WARN_ENUM_CONVERSION = YES;
				CLANG_WARN_INT_CONVERSION = YES;
				CLANG_WARN_OBJC_ROOT_CLASS = YES_ERROR;
				CLANG_WARN_UNREACHABLE_CODE = YES;
				CLANG_WARN__DUPLICATE_METHOD_MATCH = YES;
				CODE_SIGN_IDENTITY = "-";
				COPY_PHASE_STRIP = NO;
				CURRENT_PROJECT_VERSION = 1;
				DEBUG_INFORMATION_FORMAT = dwarf;
				ENABLE_STRICT_OBJC_MSGSEND = YES;
				ENABLE_TESTABILITY = YES;
				GCC_C_LANGUAGE_STANDARD = gnu99;
				GCC_DYNAMIC_NO_PIC = NO;
				GCC_NO_COMMON_BLOCKS = YES;
				GCC_OPTIMIZATION_LEVEL = 0;
				GCC_PREPROCESSOR_DEFINITIONS = (
					"DEBUG=1",
					"$(inherited)",
				);
				GCC_WARN_64_TO_32_BIT_CONVERSION = YES;
				GCC_WARN_ABOUT_RETURN_TYPE = YES_ERROR;
				GCC_WARN_UNDECLARED_SELECTOR = YES;
				GCC_WARN_UNINITIALIZED_AUTOS = YES_AGGRESSIVE;
				GCC_WARN_UNUSED_FUNCTION = YES;
				GCC_WARN_UNUSED_VARIABLE = YES;
				MACOSX_DEPLOYMENT_TARGET = 10.11;
				MTL_ENABLE_DEBUG_INFO = YES;
				ONLY_ACTIVE_ARCH = YES;
				SDKROOT = macosx;
				SWIFT_OPTIMIZATION_LEVEL = "-Onone";
				VERSIONING_SYSTEM = "apple-generic";
				VERSION_INFO_PREFIX = "";
			};
			name = Debug;
		};
		4055FE451BFFBB6800A7D8FB /* Release */ = {
			isa = XCBuildConfiguration;
			buildSettings = {
				ALWAYS_SEARCH_USER_PATHS = NO;
				CLANG_CXX_LANGUAGE_STANDARD = "gnu++0x";
				CLANG_CXX_LIBRARY = "libc++";
				CLANG_ENABLE_MODULES = YES;
				CLANG_ENABLE_OBJC_ARC = YES;
				CLANG_WARN_BOOL_CONVERSION = YES;
				CLANG_WARN_CONSTANT_CONVERSION = YES;
				CLANG_WARN_DIRECT_OBJC_ISA_USAGE = YES_ERROR;
				CLANG_WARN_EMPTY_BODY = YES;
				CLANG_WARN_ENUM_CONVERSION = YES;
				CLANG_WARN_INT_CONVERSION = YES;
				CLANG_WARN_OBJC_ROOT_CLASS = YES_ERROR;
				CLANG_WARN_UNREACHABLE_CODE = YES;
				CLANG_WARN__DUPLICATE_METHOD_MATCH = YES;
				CODE_SIGN_IDENTITY = "-";
				COPY_PHASE_STRIP = NO;
				CURRENT_PROJECT_VERSION = 1;
				DEBUG_INFORMATION_FORMAT = "dwarf-with-dsym";
				ENABLE_NS_ASSERTIONS = NO;
				ENABLE_STRICT_OBJC_MSGSEND = YES;
				GCC_C_LANGUAGE_STANDARD = gnu99;
				GCC_NO_COMMON_BLOCKS = YES;
				GCC_WARN_64_TO_32_BIT_CONVERSION = YES;
				GCC_WARN_ABOUT_RETURN_TYPE = YES_ERROR;
				GCC_WARN_UNDECLARED_SELECTOR = YES;
				GCC_WARN_UNINITIALIZED_AUTOS = YES_AGGRESSIVE;
				GCC_WARN_UNUSED_FUNCTION = YES;
				GCC_WARN_UNUSED_VARIABLE = YES;
				MACOSX_DEPLOYMENT_TARGET = 10.11;
				MTL_ENABLE_DEBUG_INFO = NO;
				SDKROOT = macosx;
				VERSIONING_SYSTEM = "apple-generic";
				VERSION_INFO_PREFIX = "";
			};
			name = Release;
		};
		4055FE471BFFBB6800A7D8FB /* Debug */ = {
			isa = XCBuildConfiguration;
			buildSettings = {
				CLANG_ENABLE_MODULES = YES;
				COMBINE_HIDPI_IMAGES = YES;
				DEFINES_MODULE = YES;
				DYLIB_COMPATIBILITY_VERSION = 1;
				DYLIB_CURRENT_VERSION = 1;
				DYLIB_INSTALL_NAME_BASE = "@rpath";
				FRAMEWORK_VERSION = A;
				INFOPLIST_FILE = gsnet/Info.plist;
				INSTALL_PATH = "$(LOCAL_LIBRARY_DIR)/Frameworks";
				LD_RUNPATH_SEARCH_PATHS = "$(inherited) @executable_path/../Frameworks @loader_path/Frameworks";
				PRODUCT_BUNDLE_IDENTIFIER = com.gsoulavy.gsnet;
				PRODUCT_NAME = "$(TARGET_NAME)";
				SKIP_INSTALL = YES;
				SWIFT_OPTIMIZATION_LEVEL = "-Onone";
			};
			name = Debug;
		};
		4055FE481BFFBB6800A7D8FB /* Release */ = {
			isa = XCBuildConfiguration;
			buildSettings = {
				CLANG_ENABLE_MODULES = YES;
				COMBINE_HIDPI_IMAGES = YES;
				DEFINES_MODULE = YES;
				DYLIB_COMPATIBILITY_VERSION = 1;
				DYLIB_CURRENT_VERSION = 1;
				DYLIB_INSTALL_NAME_BASE = "@rpath";
				FRAMEWORK_VERSION = A;
				INFOPLIST_FILE = gsnet/Info.plist;
				INSTALL_PATH = "$(LOCAL_LIBRARY_DIR)/Frameworks";
				LD_RUNPATH_SEARCH_PATHS = "$(inherited) @executable_path/../Frameworks @loader_path/Frameworks";
				PRODUCT_BUNDLE_IDENTIFIER = com.gsoulavy.gsnet;
				PRODUCT_NAME = "$(TARGET_NAME)";
				SKIP_INSTALL = YES;
			};
			name = Release;
		};
		4055FE4A1BFFBB6800A7D8FB /* Debug */ = {
			isa = XCBuildConfiguration;
			buildSettings = {
				COMBINE_HIDPI_IMAGES = YES;
				INFOPLIST_FILE = gsnetTests/Info.plist;
				LD_RUNPATH_SEARCH_PATHS = "$(inherited) @executable_path/../Frameworks @loader_path/../Frameworks";
				PRODUCT_BUNDLE_IDENTIFIER = com.gsoulavy.gsnetTests;
				PRODUCT_NAME = "$(TARGET_NAME)";
			};
			name = Debug;
		};
		4055FE4B1BFFBB6800A7D8FB /* Release */ = {
			isa = XCBuildConfiguration;
			buildSettings = {
				COMBINE_HIDPI_IMAGES = YES;
				INFOPLIST_FILE = gsnetTests/Info.plist;
				LD_RUNPATH_SEARCH_PATHS = "$(inherited) @executable_path/../Frameworks @loader_path/../Frameworks";
				PRODUCT_BUNDLE_IDENTIFIER = com.gsoulavy.gsnetTests;
				PRODUCT_NAME = "$(TARGET_NAME)";
			};
			name = Release;
		};
/* End XCBuildConfiguration section */

/* Begin XCConfigurationList section */
		4055FE2C1BFFBB6800A7D8FB /* Build configuration list for PBXProject "gsnet" */ = {
			isa = XCConfigurationList;
			buildConfigurations = (
				4055FE441BFFBB6800A7D8FB /* Debug */,
				4055FE451BFFBB6800A7D8FB /* Release */,
			);
			defaultConfigurationIsVisible = 0;
			defaultConfigurationName = Release;
		};
		4055FE461BFFBB6800A7D8FB /* Build configuration list for PBXNativeTarget "gsnet" */ = {
			isa = XCConfigurationList;
			buildConfigurations = (
				4055FE471BFFBB6800A7D8FB /* Debug */,
				4055FE481BFFBB6800A7D8FB /* Release */,
			);
			defaultConfigurationIsVisible = 0;
		};
		4055FE491BFFBB6800A7D8FB /* Build configuration list for PBXNativeTarget "gsnetTests" */ = {
			isa = XCConfigurationList;
			buildConfigurations = (
				4055FE4A1BFFBB6800A7D8FB /* Debug */,
				4055FE4B1BFFBB6800A7D8FB /* Release */,
			);
			defaultConfigurationIsVisible = 0;
		};
/* End XCConfigurationList section */
	};
	rootObject = 4055FE291BFFBB6800A7D8FB /* Project object */;
}
